// !$*UTF8*$!
{
	archiveVersion = 1;
	classes = {
	};
	objectVersion = 50;
	objects = {

/* Begin PBXBuildFile section */
		60B8FCC2246F7ED9006582F2 /* AppDelegate.swift in Sources */ = {isa = PBXBuildFile; fileRef = 60B8FCC1246F7ED9006582F2 /* AppDelegate.swift */; };
		60B8FCC4246F7ED9006582F2 /* SceneDelegate.swift in Sources */ = {isa = PBXBuildFile; fileRef = 60B8FCC3246F7ED9006582F2 /* SceneDelegate.swift */; };
		60B8FCC6246F7ED9006582F2 /* ContentView.swift in Sources */ = {isa = PBXBuildFile; fileRef = 60B8FCC5246F7ED9006582F2 /* ContentView.swift */; };
		60B8FCC8246F7EDD006582F2 /* Assets.xcassets in Resources */ = {isa = PBXBuildFile; fileRef = 60B8FCC7246F7EDD006582F2 /* Assets.xcassets */; };
		60B8FCCB246F7EDD006582F2 /* Preview Assets.xcassets in Resources */ = {isa = PBXBuildFile; fileRef = 60B8FCCA246F7EDD006582F2 /* Preview Assets.xcassets */; };
		60B8FCCE246F7EDD006582F2 /* LaunchScreen.storyboard in Resources */ = {isa = PBXBuildFile; fileRef = 60B8FCCC246F7EDD006582F2 /* LaunchScreen.storyboard */; };
		60B8FCD9246F7EDE006582F2 /* dnd_testTests.swift in Sources */ = {isa = PBXBuildFile; fileRef = 60B8FCD8246F7EDE006582F2 /* dnd_testTests.swift */; };
		60B8FCE4246F7EDE006582F2 /* dnd_testUITests.swift in Sources */ = {isa = PBXBuildFile; fileRef = 60B8FCE3246F7EDE006582F2 /* dnd_testUITests.swift */; };
/* End PBXBuildFile section */

/* Begin PBXContainerItemProxy section */
		60B8FCD5246F7EDE006582F2 /* PBXContainerItemProxy */ = {
			isa = PBXContainerItemProxy;
			containerPortal = 60B8FCB6246F7ED9006582F2 /* Project object */;
			proxyType = 1;
			remoteGlobalIDString = 60B8FCBD246F7ED9006582F2;
			remoteInfo = dnd_test;
		};
		60B8FCE0246F7EDE006582F2 /* PBXContainerItemProxy */ = {
			isa = PBXContainerItemProxy;
			containerPortal = 60B8FCB6246F7ED9006582F2 /* Project object */;
			proxyType = 1;
			remoteGlobalIDString = 60B8FCBD246F7ED9006582F2;
			remoteInfo = dnd_test;
		};
/* End PBXContainerItemProxy section */

/* Begin PBXFileReference section */
		60B8FCBE246F7ED9006582F2 /* dnd_test.app */ = {isa = PBXFileReference; explicitFileType = wrapper.application; includeInIndex = 0; path = dnd_test.app; sourceTree = BUILT_PRODUCTS_DIR; };
		60B8FCC1246F7ED9006582F2 /* AppDelegate.swift */ = {isa = PBXFileReference; lastKnownFileType = sourcecode.swift; path = AppDelegate.swift; sourceTree = "<group>"; };
		60B8FCC3246F7ED9006582F2 /* SceneDelegate.swift */ = {isa = PBXFileReference; lastKnownFileType = sourcecode.swift; path = SceneDelegate.swift; sourceTree = "<group>"; };
		60B8FCC5246F7ED9006582F2 /* ContentView.swift */ = {isa = PBXFileReference; lastKnownFileType = sourcecode.swift; path = ContentView.swift; sourceTree = "<group>"; };
		60B8FCC7246F7EDD006582F2 /* Assets.xcassets */ = {isa = PBXFileReference; lastKnownFileType = folder.assetcatalog; path = Assets.xcassets; sourceTree = "<group>"; };
		60B8FCCA246F7EDD006582F2 /* Preview Assets.xcassets */ = {isa = PBXFileReference; lastKnownFileType = folder.assetcatalog; path = "Preview Assets.xcassets"; sourceTree = "<group>"; };
		60B8FCCD246F7EDD006582F2 /* Base */ = {isa = PBXFileReference; lastKnownFileType = file.storyboard; name = Base; path = Base.lproj/LaunchScreen.storyboard; sourceTree = "<group>"; };
		60B8FCCF246F7EDD006582F2 /* Info.plist */ = {isa = PBXFileReference; lastKnownFileType = text.plist.xml; path = Info.plist; sourceTree = "<group>"; };
		60B8FCD4246F7EDE006582F2 /* dnd_testTests.xctest */ = {isa = PBXFileReference; explicitFileType = wrapper.cfbundle; includeInIndex = 0; path = dnd_testTests.xctest; sourceTree = BUILT_PRODUCTS_DIR; };
		60B8FCD8246F7EDE006582F2 /* dnd_testTests.swift */ = {isa = PBXFileReference; lastKnownFileType = sourcecode.swift; path = dnd_testTests.swift; sourceTree = "<group>"; };
		60B8FCDA246F7EDE006582F2 /* Info.plist */ = {isa = PBXFileReference; lastKnownFileType = text.plist.xml; path = Info.plist; sourceTree = "<group>"; };
		60B8FCDF246F7EDE006582F2 /* dnd_testUITests.xctest */ = {isa = PBXFileReference; explicitFileType = wrapper.cfbundle; includeInIndex = 0; path = dnd_testUITests.xctest; sourceTree = BUILT_PRODUCTS_DIR; };
		60B8FCE3246F7EDE006582F2 /* dnd_testUITests.swift */ = {isa = PBXFileReference; lastKnownFileType = sourcecode.swift; path = dnd_testUITests.swift; sourceTree = "<group>"; };
		60B8FCE5246F7EDE006582F2 /* Info.plist */ = {isa = PBXFileReference; lastKnownFileType = text.plist.xml; path = Info.plist; sourceTree = "<group>"; };
/* End PBXFileReference section */

/* Begin PBXFrameworksBuildPhase section */
		60B8FCBB246F7ED9006582F2 /* Frameworks */ = {
			isa = PBXFrameworksBuildPhase;
			buildActionMask = 2147483647;
			files = (
			);
			runOnlyForDeploymentPostprocessing = 0;
		};
		60B8FCD1246F7EDE006582F2 /* Frameworks */ = {
			isa = PBXFrameworksBuildPhase;
			buildActionMask = 2147483647;
			files = (
			);
			runOnlyForDeploymentPostprocessing = 0;
		};
		60B8FCDC246F7EDE006582F2 /* Frameworks */ = {
			isa = PBXFrameworksBuildPhase;
			buildActionMask = 2147483647;
			files = (
			);
			runOnlyForDeploymentPostprocessing = 0;
		};
/* End PBXFrameworksBuildPhase section */

/* Begin PBXGroup section */
		60B8FCB5246F7ED9006582F2 = {
			isa = PBXGroup;
			children = (
				60B8FCC0246F7ED9006582F2 /* dnd_test */,
				60B8FCD7246F7EDE006582F2 /* dnd_testTests */,
				60B8FCE2246F7EDE006582F2 /* dnd_testUITests */,
				60B8FCBF246F7ED9006582F2 /* Products */,
			);
			sourceTree = "<group>";
		};
		60B8FCBF246F7ED9006582F2 /* Products */ = {
			isa = PBXGroup;
			children = (
				60B8FCBE246F7ED9006582F2 /* dnd_test.app */,
				60B8FCD4246F7EDE006582F2 /* dnd_testTests.xctest */,
				60B8FCDF246F7EDE006582F2 /* dnd_testUITests.xctest */,
			);
			name = Products;
			sourceTree = "<group>";
		};
		60B8FCC0246F7ED9006582F2 /* dnd_test */ = {
			isa = PBXGroup;
			children = (
				60B8FCC1246F7ED9006582F2 /* AppDelegate.swift */,
				60B8FCC3246F7ED9006582F2 /* SceneDelegate.swift */,
				60B8FCC5246F7ED9006582F2 /* ContentView.swift */,
				60B8FCC7246F7EDD006582F2 /* Assets.xcassets */,
				60B8FCCC246F7EDD006582F2 /* LaunchScreen.storyboard */,
				60B8FCCF246F7EDD006582F2 /* Info.plist */,
				60B8FCC9246F7EDD006582F2 /* Preview Content */,
			);
			path = dnd_test;
			sourceTree = "<group>";
		};
		60B8FCC9246F7EDD006582F2 /* Preview Content */ = {
			isa = PBXGroup;
			children = (
				60B8FCCA246F7EDD006582F2 /* Preview Assets.xcassets */,
			);
			path = "Preview Content";
			sourceTree = "<group>";
		};
		60B8FCD7246F7EDE006582F2 /* dnd_testTests */ = {
			isa = PBXGroup;
			children = (
				60B8FCD8246F7EDE006582F2 /* dnd_testTests.swift */,
				60B8FCDA246F7EDE006582F2 /* Info.plist */,
			);
			path = dnd_testTests;
			sourceTree = "<group>";
		};
		60B8FCE2246F7EDE006582F2 /* dnd_testUITests */ = {
			isa = PBXGroup;
			children = (
				60B8FCE3246F7EDE006582F2 /* dnd_testUITests.swift */,
				60B8FCE5246F7EDE006582F2 /* Info.plist */,
			);
			path = dnd_testUITests;
			sourceTree = "<group>";
		};
/* End PBXGroup section */

/* Begin PBXNativeTarget section */
		60B8FCBD246F7ED9006582F2 /* dnd_test */ = {
			isa = PBXNativeTarget;
			buildConfigurationList = 60B8FCE8246F7EDE006582F2 /* Build configuration list for PBXNativeTarget "dnd_test" */;
			buildPhases = (
				60B8FCBA246F7ED9006582F2 /* Sources */,
				60B8FCBB246F7ED9006582F2 /* Frameworks */,
				60B8FCBC246F7ED9006582F2 /* Resources */,
			);
			buildRules = (
			);
			dependencies = (
			);
			name = dnd_test;
			productName = dnd_test;
			productReference = 60B8FCBE246F7ED9006582F2 /* dnd_test.app */;
			productType = "com.apple.product-type.application";
		};
		60B8FCD3246F7EDE006582F2 /* dnd_testTests */ = {
			isa = PBXNativeTarget;
			buildConfigurationList = 60B8FCEB246F7EDE006582F2 /* Build configuration list for PBXNativeTarget "dnd_testTests" */;
			buildPhases = (
				60B8FCD0246F7EDE006582F2 /* Sources */,
				60B8FCD1246F7EDE006582F2 /* Frameworks */,
				60B8FCD2246F7EDE006582F2 /* Resources */,
			);
			buildRules = (
			);
			dependencies = (
				60B8FCD6246F7EDE006582F2 /* PBXTargetDependency */,
			);
			name = dnd_testTests;
			productName = dnd_testTests;
			productReference = 60B8FCD4246F7EDE006582F2 /* dnd_testTests.xctest */;
			productType = "com.apple.product-type.bundle.unit-test";
		};
		60B8FCDE246F7EDE006582F2 /* dnd_testUITests */ = {
			isa = PBXNativeTarget;
			buildConfigurationList = 60B8FCEE246F7EDE006582F2 /* Build configuration list for PBXNativeTarget "dnd_testUITests" */;
			buildPhases = (
				60B8FCDB246F7EDE006582F2 /* Sources */,
				60B8FCDC246F7EDE006582F2 /* Frameworks */,
				60B8FCDD246F7EDE006582F2 /* Resources */,
			);
			buildRules = (
			);
			dependencies = (
				60B8FCE1246F7EDE006582F2 /* PBXTargetDependency */,
			);
			name = dnd_testUITests;
			productName = dnd_testUITests;
			productReference = 60B8FCDF246F7EDE006582F2 /* dnd_testUITests.xctest */;
			productType = "com.apple.product-type.bundle.ui-testing";
		};
/* End PBXNativeTarget section */

/* Begin PBXProject section */
		60B8FCB6246F7ED9006582F2 /* Project object */ = {
			isa = PBXProject;
			attributes = {
				LastSwiftUpdateCheck = 1140;
				LastUpgradeCheck = 1140;
				ORGANIZATIONNAME = zeroBurnt;
				TargetAttributes = {
					60B8FCBD246F7ED9006582F2 = {
						CreatedOnToolsVersion = 11.4.1;
					};
					60B8FCD3246F7EDE006582F2 = {
						CreatedOnToolsVersion = 11.4.1;
						TestTargetID = 60B8FCBD246F7ED9006582F2;
					};
					60B8FCDE246F7EDE006582F2 = {
						CreatedOnToolsVersion = 11.4.1;
						TestTargetID = 60B8FCBD246F7ED9006582F2;
					};
				};
			};
			buildConfigurationList = 60B8FCB9246F7ED9006582F2 /* Build configuration list for PBXProject "dnd_test" */;
			compatibilityVersion = "Xcode 9.3";
			developmentRegion = en;
			hasScannedForEncodings = 0;
			knownRegions = (
				en,
				Base,
			);
			mainGroup = 60B8FCB5246F7ED9006582F2;
			productRefGroup = 60B8FCBF246F7ED9006582F2 /* Products */;
			projectDirPath = "";
			projectRoot = "";
			targets = (
				60B8FCBD246F7ED9006582F2 /* dnd_test */,
				60B8FCD3246F7EDE006582F2 /* dnd_testTests */,
				60B8FCDE246F7EDE006582F2 /* dnd_testUITests */,
			);
		};
/* End PBXProject section */

/* Begin PBXResourcesBuildPhase section */
		60B8FCBC246F7ED9006582F2 /* Resources */ = {
			isa = PBXResourcesBuildPhase;
			buildActionMask = 2147483647;
			files = (
				60B8FCCE246F7EDD006582F2 /* LaunchScreen.storyboard in Resources */,
				60B8FCCB246F7EDD006582F2 /* Preview Assets.xcassets in Resources */,
				60B8FCC8246F7EDD006582F2 /* Assets.xcassets in Resources */,
			);
			runOnlyForDeploymentPostprocessing = 0;
		};
		60B8FCD2246F7EDE006582F2 /* Resources */ = {
			isa = PBXResourcesBuildPhase;
			buildActionMask = 2147483647;
			files = (
			);
			runOnlyForDeploymentPostprocessing = 0;
		};
		60B8FCDD246F7EDE006582F2 /* Resources */ = {
			isa = PBXResourcesBuildPhase;
			buildActionMask = 2147483647;
			files = (
			);
			runOnlyForDeploymentPostprocessing = 0;
		};
/* End PBXResourcesBuildPhase section */

/* Begin PBXSourcesBuildPhase section */
		60B8FCBA246F7ED9006582F2 /* Sources */ = {
			isa = PBXSourcesBuildPhase;
			buildActionMask = 2147483647;
			files = (
				60B8FCC2246F7ED9006582F2 /* AppDelegate.swift in Sources */,
				60B8FCC4246F7ED9006582F2 /* SceneDelegate.swift in Sources */,
				60B8FCC6246F7ED9006582F2 /* ContentView.swift in Sources */,
			);
			runOnlyForDeploymentPostprocessing = 0;
		};
		60B8FCD0246F7EDE006582F2 /* Sources */ = {
			isa = PBXSourcesBuildPhase;
			buildActionMask = 2147483647;
			files = (
				60B8FCD9246F7EDE006582F2 /* dnd_testTests.swift in Sources */,
			);
			runOnlyForDeploymentPostprocessing = 0;
		};
		60B8FCDB246F7EDE006582F2 /* Sources */ = {
			isa = PBXSourcesBuildPhase;
			buildActionMask = 2147483647;
			files = (
				60B8FCE4246F7EDE006582F2 /* dnd_testUITests.swift in Sources */,
			);
			runOnlyForDeploymentPostprocessing = 0;
		};
/* End PBXSourcesBuildPhase section */

/* Begin PBXTargetDependency section */
		60B8FCD6246F7EDE006582F2 /* PBXTargetDependency */ = {
			isa = PBXTargetDependency;
			target = 60B8FCBD246F7ED9006582F2 /* dnd_test */;
			targetProxy = 60B8FCD5246F7EDE006582F2 /* PBXContainerItemProxy */;
		};
		60B8FCE1246F7EDE006582F2 /* PBXTargetDependency */ = {
			isa = PBXTargetDependency;
			target = 60B8FCBD246F7ED9006582F2 /* dnd_test */;
			targetProxy = 60B8FCE0246F7EDE006582F2 /* PBXContainerItemProxy */;
		};
/* End PBXTargetDependency section */

/* Begin PBXVariantGroup section */
		60B8FCCC246F7EDD006582F2 /* LaunchScreen.storyboard */ = {
			isa = PBXVariantGroup;
			children = (
				60B8FCCD246F7EDD006582F2 /* Base */,
			);
			name = LaunchScreen.storyboard;
			sourceTree = "<group>";
		};
/* End PBXVariantGroup section */

/* Begin XCBuildConfiguration section */
		60B8FCE6246F7EDE006582F2 /* Debug */ = {
			isa = XCBuildConfiguration;
			buildSettings = {
				ALWAYS_SEARCH_USER_PATHS = NO;
				CLANG_ANALYZER_NONNULL = YES;
				CLANG_ANALYZER_NUMBER_OBJECT_CONVERSION = YES_AGGRESSIVE;
				CLANG_CXX_LANGUAGE_STANDARD = "gnu++14";
				CLANG_CXX_LIBRARY = "libc++";
				CLANG_ENABLE_MODULES = YES;
				CLANG_ENABLE_OBJC_ARC = YES;
				CLANG_ENABLE_OBJC_WEAK = YES;
				CLANG_WARN_BLOCK_CAPTURE_AUTORELEASING = YES;
				CLANG_WARN_BOOL_CONVERSION = YES;
				CLANG_WARN_COMMA = YES;
				CLANG_WARN_CONSTANT_CONVERSION = YES;
				CLANG_WARN_DEPRECATED_OBJC_IMPLEMENTATIONS = YES;
				CLANG_WARN_DIRECT_OBJC_ISA_USAGE = YES_ERROR;
				CLANG_WARN_DOCUMENTATION_COMMENTS = YES;
				CLANG_WARN_EMPTY_BODY = YES;
				CLANG_WARN_ENUM_CONVERSION = YES;
				CLANG_WARN_INFINITE_RECURSION = YES;
				CLANG_WARN_INT_CONVERSION = YES;
				CLANG_WARN_NON_LITERAL_NULL_CONVERSION = YES;
				CLANG_WARN_OBJC_IMPLICIT_RETAIN_SELF = YES;
				CLANG_WARN_OBJC_LITERAL_CONVERSION = YES;
				CLANG_WARN_OBJC_ROOT_CLASS = YES_ERROR;
				CLANG_WARN_RANGE_LOOP_ANALYSIS = YES;
				CLANG_WARN_STRICT_PROTOTYPES = YES;
				CLANG_WARN_SUSPICIOUS_MOVE = YES;
				CLANG_WARN_UNGUARDED_AVAILABILITY = YES_AGGRESSIVE;
				CLANG_WARN_UNREACHABLE_CODE = YES;
				CLANG_WARN__DUPLICATE_METHOD_MATCH = YES;
				COPY_PHASE_STRIP = NO;
				DEBUG_INFORMATION_FORMAT = dwarf;
				ENABLE_STRICT_OBJC_MSGSEND = YES;
				ENABLE_TESTABILITY = YES;
				GCC_C_LANGUAGE_STANDARD = gnu11;
				GCC_DYNAMIC_NO_PIC = NO;
				GCC_NO_COMMON_BLOCKS = YES;
				GCC_OPTIMIZATION_LEVEL = 0;
				GCC_PREPROCESSOR_DEFINITIONS = (
					"DEBUG=1",
					"$(inherited)",
				);
				GCC_WARN_64_TO_32_BIT_CONVERSION = YES;
				GCC_WARN_ABOUT_RETURN_TYPE = YES_ERROR;
				GCC_WARN_UNDECLARED_SELECTOR = YES;
				GCC_WARN_UNINITIALIZED_AUTOS = YES_AGGRESSIVE;
				GCC_WARN_UNUSED_FUNCTION = YES;
				GCC_WARN_UNUSED_VARIABLE = YES;
				IPHONEOS_DEPLOYMENT_TARGET = 13.4;
				MTL_ENABLE_DEBUG_INFO = INCLUDE_SOURCE;
				MTL_FAST_MATH = YES;
				ONLY_ACTIVE_ARCH = YES;
				SDKROOT = iphoneos;
				SWIFT_ACTIVE_COMPILATION_CONDITIONS = DEBUG;
				SWIFT_OPTIMIZATION_LEVEL = "-Onone";
			};
			name = Debug;
		};
		60B8FCE7246F7EDE006582F2 /* Release */ = {
			isa = XCBuildConfiguration;
			buildSettings = {
				ALWAYS_SEARCH_USER_PATHS = NO;
				CLANG_ANALYZER_NONNULL = YES;
				CLANG_ANALYZER_NUMBER_OBJECT_CONVERSION = YES_AGGRESSIVE;
				CLANG_CXX_LANGUAGE_STANDARD = "gnu++14";
				CLANG_CXX_LIBRARY = "libc++";
				CLANG_ENABLE_MODULES = YES;
				CLANG_ENABLE_OBJC_ARC = YES;
				CLANG_ENABLE_OBJC_WEAK = YES;
				CLANG_WARN_BLOCK_CAPTURE_AUTORELEASING = YES;
				CLANG_WARN_BOOL_CONVERSION = YES;
				CLANG_WARN_COMMA = YES;
				CLANG_WARN_CONSTANT_CONVERSION = YES;
				CLANG_WARN_DEPRECATED_OBJC_IMPLEMENTATIONS = YES;
				CLANG_WARN_DIRECT_OBJC_ISA_USAGE = YES_ERROR;
				CLANG_WARN_DOCUMENTATION_COMMENTS = YES;
				CLANG_WARN_EMPTY_BODY = YES;
				CLANG_WARN_ENUM_CONVERSION = YES;
				CLANG_WARN_INFINITE_RECURSION = YES;
				CLANG_WARN_INT_CONVERSION = YES;
				CLANG_WARN_NON_LITERAL_NULL_CONVERSION = YES;
				CLANG_WARN_OBJC_IMPLICIT_RETAIN_SELF = YES;
				CLANG_WARN_OBJC_LITERAL_CONVERSION = YES;
				CLANG_WARN_OBJC_ROOT_CLASS = YES_ERROR;
				CLANG_WARN_RANGE_LOOP_ANALYSIS = YES;
				CLANG_WARN_STRICT_PROTOTYPES = YES;
				CLANG_WARN_SUSPICIOUS_MOVE = YES;
				CLANG_WARN_UNGUARDED_AVAILABILITY = YES_AGGRESSIVE;
				CLANG_WARN_UNREACHABLE_CODE = YES;
				CLANG_WARN__DUPLICATE_METHOD_MATCH = YES;
				COPY_PHASE_STRIP = NO;
				DEBUG_INFORMATION_FORMAT = "dwarf-with-dsym";
				ENABLE_NS_ASSERTIONS = NO;
				ENABLE_STRICT_OBJC_MSGSEND = YES;
				GCC_C_LANGUAGE_STANDARD = gnu11;
				GCC_NO_COMMON_BLOCKS = YES;
				GCC_WARN_64_TO_32_BIT_CONVERSION = YES;
				GCC_WARN_ABOUT_RETURN_TYPE = YES_ERROR;
				GCC_WARN_UNDECLARED_SELECTOR = YES;
				GCC_WARN_UNINITIALIZED_AUTOS = YES_AGGRESSIVE;
				GCC_WARN_UNUSED_FUNCTION = YES;
				GCC_WARN_UNUSED_VARIABLE = YES;
				IPHONEOS_DEPLOYMENT_TARGET = 13.4;
				MTL_ENABLE_DEBUG_INFO = NO;
				MTL_FAST_MATH = YES;
				SDKROOT = iphoneos;
				SWIFT_COMPILATION_MODE = wholemodule;
				SWIFT_OPTIMIZATION_LEVEL = "-O";
				VALIDATE_PRODUCT = YES;
			};
			name = Release;
		};
		60B8FCE9246F7EDE006582F2 /* Debug */ = {
			isa = XCBuildConfiguration;
			buildSettings = {
				ASSETCATALOG_COMPILER_APPICON_NAME = AppIcon;
				CODE_SIGN_STYLE = Automatic;
				DEVELOPMENT_ASSET_PATHS = "\"dnd_test/Preview Content\"";
				ENABLE_PREVIEWS = YES;
				INFOPLIST_FILE = dnd_test/Info.plist;
				LD_RUNPATH_SEARCH_PATHS = (
					"$(inherited)",
					"@executable_path/Frameworks",
				);
				PRODUCT_BUNDLE_IDENTIFIER = "zeroBurnt.dnd-test";
				PRODUCT_NAME = "$(TARGET_NAME)";
				SWIFT_VERSION = 5.0;
				TARGETED_DEVICE_FAMILY = "1,2";
			};
			name = Debug;
		};
		60B8FCEA246F7EDE006582F2 /* Release */ = {
			isa = XCBuildConfiguration;
			buildSettings = {
				ASSETCATALOG_COMPILER_APPICON_NAME = AppIcon;
				CODE_SIGN_STYLE = Automatic;
				DEVELOPMENT_ASSET_PATHS = "\"dnd_test/Preview Content\"";
				ENABLE_PREVIEWS = YES;
				INFOPLIST_FILE = dnd_test/Info.plist;
				LD_RUNPATH_SEARCH_PATHS = (
					"$(inherited)",
					"@executable_path/Frameworks",
				);
				PRODUCT_BUNDLE_IDENTIFIER = "zeroBurnt.dnd-test";
				PRODUCT_NAME = "$(TARGET_NAME)";
				SWIFT_VERSION = 5.0;
				TARGETED_DEVICE_FAMILY = "1,2";
			};
			name = Release;
		};
		60B8FCEC246F7EDE006582F2 /* Debug */ = {
			isa = XCBuildConfiguration;
			buildSettings = {
				ALWAYS_EMBED_SWIFT_STANDARD_LIBRARIES = YES;
				BUNDLE_LOADER = "$(TEST_HOST)";
				CODE_SIGN_STYLE = Automatic;
				INFOPLIST_FILE = dnd_testTests/Info.plist;
				IPHONEOS_DEPLOYMENT_TARGET = 13.4;
				LD_RUNPATH_SEARCH_PATHS = (
					"$(inherited)",
					"@executable_path/Frameworks",
					"@loader_path/Frameworks",
				);
				PRODUCT_BUNDLE_IDENTIFIER = "zeroBurnt.dnd-testTests";
				PRODUCT_NAME = "$(TARGET_NAME)";
				SWIFT_VERSION = 5.0;
				TARGETED_DEVICE_FAMILY = "1,2";
				TEST_HOST = "$(BUILT_PRODUCTS_DIR)/dnd_test.app/dnd_test";
			};
			name = Debug;
		};
		60B8FCED246F7EDE006582F2 /* Release */ = {
			isa = XCBuildConfiguration;
			buildSettings = {
				ALWAYS_EMBED_SWIFT_STANDARD_LIBRARIES = YES;
				BUNDLE_LOADER = "$(TEST_HOST)";
				CODE_SIGN_STYLE = Automatic;
				INFOPLIST_FILE = dnd_testTests/Info.plist;
				IPHONEOS_DEPLOYMENT_TARGET = 13.4;
				LD_RUNPATH_SEARCH_PATHS = (
					"$(inherited)",
					"@executable_path/Frameworks",
					"@loader_path/Frameworks",
				);
				PRODUCT_BUNDLE_IDENTIFIER = "zeroBurnt.dnd-testTests";
				PRODUCT_NAME = "$(TARGET_NAME)";
				SWIFT_VERSION = 5.0;
				TARGETED_DEVICE_FAMILY = "1,2";
				TEST_HOST = "$(BUILT_PRODUCTS_DIR)/dnd_test.app/dnd_test";
			};
			name = Release;
		};
		60B8FCEF246F7EDE006582F2 /* Debug */ = {
			isa = XCBuildConfiguration;
			buildSettings = {
				ALWAYS_EMBED_SWIFT_STANDARD_LIBRARIES = YES;
				CODE_SIGN_STYLE = Automatic;
				INFOPLIST_FILE = dnd_testUITests/Info.plist;
				LD_RUNPATH_SEARCH_PATHS = (
					"$(inherited)",
					"@executable_path/Frameworks",
					"@loader_path/Frameworks",
				);
				PRODUCT_BUNDLE_IDENTIFIER = "zeroBurnt.dnd-testUITests";
				PRODUCT_NAME = "$(TARGET_NAME)";
				SWIFT_VERSION = 5.0;
				TARGETED_DEVICE_FAMILY = "1,2";
				TEST_TARGET_NAME = dnd_test;
			};
			name = Debug;
		};
		60B8FCF0246F7EDE006582F2 /* Release */ = {
			isa = XCBuildConfiguration;
			buildSettings = {
				ALWAYS_EMBED_SWIFT_STANDARD_LIBRARIES = YES;
				CODE_SIGN_STYLE = Automatic;
				INFOPLIST_FILE = dnd_testUITests/Info.plist;
				LD_RUNPATH_SEARCH_PATHS = (
					"$(inherited)",
					"@executable_path/Frameworks",
					"@loader_path/Frameworks",
				);
				PRODUCT_BUNDLE_IDENTIFIER = "zeroBurnt.dnd-testUITests";
				PRODUCT_NAME = "$(TARGET_NAME)";
				SWIFT_VERSION = 5.0;
				TARGETED_DEVICE_FAMILY = "1,2";
				TEST_TARGET_NAME = dnd_test;
			};
			name = Release;
		};
/* End XCBuildConfiguration section */

/* Begin XCConfigurationList section */
		60B8FCB9246F7ED9006582F2 /* Build configuration list for PBXProject "dnd_test" */ = {
			isa = XCConfigurationList;
			buildConfigurations = (
				60B8FCE6246F7EDE006582F2 /* Debug */,
				60B8FCE7246F7EDE006582F2 /* Release */,
			);
			defaultConfigurationIsVisible = 0;
			defaultConfigurationName = Release;
		};
		60B8FCE8246F7EDE006582F2 /* Build configuration list for PBXNativeTarget "dnd_test" */ = {
			isa = XCConfigurationList;
			buildConfigurations = (
				60B8FCE9246F7EDE006582F2 /* Debug */,
				60B8FCEA246F7EDE006582F2 /* Release */,
			);
			defaultConfigurationIsVisible = 0;
			defaultConfigurationName = Release;
		};
		60B8FCEB246F7EDE006582F2 /* Build configuration list for PBXNativeTarget "dnd_testTests" */ = {
			isa = XCConfigurationList;
			buildConfigurations = (
				60B8FCEC246F7EDE006582F2 /* Debug */,
				60B8FCED246F7EDE006582F2 /* Release */,
			);
			defaultConfigurationIsVisible = 0;
			defaultConfigurationName = Release;
		};
		60B8FCEE246F7EDE006582F2 /* Build configuration list for PBXNativeTarget "dnd_testUITests" */ = {
			isa = XCConfigurationList;
			buildConfigurations = (
				60B8FCEF246F7EDE006582F2 /* Debug */,
				60B8FCF0246F7EDE006582F2 /* Release */,
			);
			defaultConfigurationIsVisible = 0;
			defaultConfigurationName = Release;
		};
/* End XCConfigurationList section */
	};
	rootObject = 60B8FCB6246F7ED9006582F2 /* Project object */;
}
